
Microsoft Visual Studio Solution File, Format Version 10.00
# Visual C# Express 2008
Project("{FAE04EC0-301F-11D3-BF4B-00C04F79EFBC}") = "Core", "Core\Core.csproj", "{AEC2538E-1D47-4591-9397-921FED20D00C}"
EndProject
Project("{FAE04EC0-301F-11D3-BF4B-00C04F79EFBC}") = "UnitTests", "UnitTests\UnitTests.csproj", "{7FECD5D4-1F6D-4949-84D4-63F352746F27}"
EndProject
Project("{FAE04EC0-301F-11D3-BF4B-00C04F79EFBC}") = "IntegrationTests", "IntegrationTests\IntegrationTests.csproj", "{EBA5654E-D00B-46CE-902D-D5BB345D2AF3}"
EndProject
Global
	GlobalSection(SolutionConfigurationPlatforms) = preSolution
		Debug|Any CPU = Debug|Any CPU
		Release|Any CPU = Release|Any CPU
	EndGlobalSection
	GlobalSection(ProjectConfigurationPlatforms) = postSolution
		{AEC2538E-1D47-4591-9397-921FED20D00C}.Debug|Any CPU.ActiveCfg = Debug|Any CPU
		{AEC2538E-1D47-4591-9397-921FED20D00C}.Debug|Any CPU.Build.0 = Debug|Any CPU
		{AEC2538E-1D47-4591-9397-921FED20D00C}.Release|Any CPU.ActiveCfg = Release|Any CPU
		{AEC2538E-1D47-4591-9397-921FED20D00C}.Release|Any CPU.Build.0 = Release|Any CPU
		{7FECD5D4-1F6D-4949-84D4-63F352746F27}.Debug|Any CPU.ActiveCfg = Debug|Any CPU
		{7FECD5D4-1F6D-4949-84D4-63F352746F27}.Debug|Any CPU.Build.0 = Debug|Any CPU
		{7FECD5D4-1F6D-4949-84D4-63F352746F27}.Release|Any CPU.ActiveCfg = Release|Any CPU
		{7FECD5D4-1F6D-4949-84D4-63F352746F27}.Release|Any CPU.Build.0 = Release|Any CPU
		{EBA5654E-D00B-46CE-902D-D5BB345D2AF3}.Debug|Any CPU.ActiveCfg = Debug|Any CPU
		{EBA5654E-D00B-46CE-902D-D5BB345D2AF3}.Debug|Any CPU.Build.0 = Debug|Any CPU
		{EBA5654E-D00B-46CE-902D-D5BB345D2AF3}.Release|Any CPU.ActiveCfg = Release|Any CPU
		{EBA5654E-D00B-46CE-902D-D5BB345D2AF3}.Release|Any CPU.Build.0 = Release|Any CPU
	EndGlobalSection
	GlobalSection(SolutionProperties) = preSolution
		HideSolutionNode = FALSE
	EndGlobalSection
EndGlobal
